
Microsoft Visual Studio Solution File, Format Version 12.00
# Visual Studio Version 17
VisualStudioVersion = 17.0.32112.339
MinimumVisualStudioVersion = 10.0.40219.1
Project("{8BC9CEB8-8B4A-11D0-8D11-00A0C91BC942}") = "Lab2", "Lab2.vcxproj", "{F0F38F0C-8E2E-4F61-8C6E-1F55855B7EDB}"
EndProject
Global
	GlobalSection(SolutionConfigurationPlatforms) = preSolution
		Debug|x64 = Debug|x64
		Debug|x86 = Debug|x86
		Release|x64 = Release|x64
		Release|x86 = Release|x86
	EndGlobalSection
	GlobalSection(ProjectConfigurationPlatforms) = postSolution
		{F0F38F0C-8E2E-4F61-8C6E-1F55855B7EDB}.Debug|x64.ActiveCfg = Debug|x64
		{F0F38F0C-8E2E-4F61-8C6E-1F55855B7EDB}.Debug|x64.Build.0 = Debug|x64
		{F0F38F0C-8E2E-4F61-8C6E-1F55855B7EDB}.Debug|x86.ActiveCfg = Debug|Win32
		{F0F38F0C-8E2E-4F61-8C6E-1F55855B7EDB}.Debug|x86.Build.0 = Debug|Win32
		{F0F38F0C-8E2E-4F61-8C6E-1F55855B7EDB}.Release|x64.ActiveCfg = Release|x64
		{F0F38F0C-8E2E-4F61-8C6E-1F55855B7EDB}.Release|x64.Build.0 = Release|x64
		{F0F38F0C-8E2E-4F61-8C6E-1F55855B7EDB}.Release|x86.ActiveCfg = Release|Win32
		{F0F38F0C-8E2E-4F61-8C6E-1F55855B7EDB}.Release|x86.Build.0 = Release|Win32
	EndGlobalSection
	GlobalSection(SolutionProperties) = preSolution
		HideSolutionNode = FALSE
	EndGlobalSection
	GlobalSection(ExtensibilityGlobals) = postSolution
		SolutionGuid = {E05326D6-ACA6-4F69-85D4-9880C30525D7}
	EndGlobalSection
EndGlobal
